
Microsoft Visual Studio Solution File, Format Version 12.00
# Visual Studio 15
VisualStudioVersion = 15.0.28307.1022
MinimumVisualStudioVersion = 10.0.40219.1
Project("{FAE04EC0-301F-11D3-BF4B-00C04F79EFBC}") = "DAN_LVI_Dejan_Prodanovic", "DAN_LVI_Dejan_Prodanovic\DAN_LVI_Dejan_Prodanovic.csproj", "{E9ACE118-68DD-4099-A12F-0C824DA3E1B8}"
EndProject
Global
	GlobalSection(SolutionConfigurationPlatforms) = preSolution
		Debug|Any CPU = Debug|Any CPU
		Release|Any CPU = Release|Any CPU
	EndGlobalSection
	GlobalSection(ProjectConfigurationPlatforms) = postSolution
		{E9ACE118-68DD-4099-A12F-0C824DA3E1B8}.Debug|Any CPU.ActiveCfg = Debug|Any CPU
		{E9ACE118-68DD-4099-A12F-0C824DA3E1B8}.Debug|Any CPU.Build.0 = Debug|Any CPU
		{E9ACE118-68DD-4099-A12F-0C824DA3E1B8}.Release|Any CPU.ActiveCfg = Release|Any CPU
		{E9ACE118-68DD-4099-A12F-0C824DA3E1B8}.Release|Any CPU.Build.0 = Release|Any CPU
	EndGlobalSection
	GlobalSection(SolutionProperties) = preSolution
		HideSolutionNode = FALSE
	EndGlobalSection
	GlobalSection(ExtensibilityGlobals) = postSolution
		SolutionGuid = {893DBC5B-CE8D-4E83-A1DE-86DFCEE85A55}
	EndGlobalSection
EndGlobal
